// !$*UTF8*$!
{
	archiveVersion = 1;
	classes = {
	};
	objectVersion = 55;
	objects = {

/* Begin PBXBuildFile section */
		0C4F715CC4217BA31EF7F4EB /* Pods_RickandmortyexampleTests.framework in Frameworks */ = {isa = PBXBuildFile; fileRef = A10B875461B6C2F4551A5628 /* Pods_RickandmortyexampleTests.framework */; };
		11589166D0FF877FD4FFB90B /* Pods_Rickandmortyexample.framework in Frameworks */ = {isa = PBXBuildFile; fileRef = DB50F85777D4BB0F348ED7AE /* Pods_Rickandmortyexample.framework */; };
		804472C8B0D5BC93777D5A02 /* RickandmortyexampleTests-RickandmortyexampleMocks.generated.swift in Sources */ = {isa = PBXBuildFile; fileRef = 499DEC307F9E8569A94CCC69 /* RickandmortyexampleTests-RickandmortyexampleMocks.generated.swift */; };
		B42E7A507D710969E45F4874 /* Pods_Rickandmortyexample_RickandmortyexampleUITests.framework in Frameworks */ = {isa = PBXBuildFile; fileRef = A38597ADE49F50F1F41BB924 /* Pods_Rickandmortyexample_RickandmortyexampleUITests.framework */; };
		E54AA6132915A8750069B3B4 /* Border.swift in Sources */ = {isa = PBXBuildFile; fileRef = E54AA6122915A8750069B3B4 /* Border.swift */; };
		E54AA6182915A9050069B3B4 /* Tabs.swift in Sources */ = {isa = PBXBuildFile; fileRef = E54AA6172915A9050069B3B4 /* Tabs.swift */; };
		E56D16DC2922C96300B55DAF /* ListState.swift in Sources */ = {isa = PBXBuildFile; fileRef = E56D16DB2922C96300B55DAF /* ListState.swift */; };
		E56D16DE2922CA0D00B55DAF /* ErrorState.swift in Sources */ = {isa = PBXBuildFile; fileRef = E56D16DD2922CA0D00B55DAF /* ErrorState.swift */; };
		E585398A29210859008C9FC5 /* CharactersQuery.graphql.swift in Sources */ = {isa = PBXBuildFile; fileRef = E585398929210859008C9FC5 /* CharactersQuery.graphql.swift */; };
		E585399329210949008C9FC5 /* Characters.graphql.swift in Sources */ = {isa = PBXBuildFile; fileRef = E585398E29210949008C9FC5 /* Characters.graphql.swift */; };
		E585399429210949008C9FC5 /* Character.graphql.swift in Sources */ = {isa = PBXBuildFile; fileRef = E585398F29210949008C9FC5 /* Character.graphql.swift */; };
		E585399529210949008C9FC5 /* Query.graphql.swift in Sources */ = {isa = PBXBuildFile; fileRef = E585399029210949008C9FC5 /* Query.graphql.swift */; };
		E585399629210949008C9FC5 /* SchemaConfiguration.swift in Sources */ = {isa = PBXBuildFile; fileRef = E585399129210949008C9FC5 /* SchemaConfiguration.swift */; };
		E585399729210949008C9FC5 /* SchemaMetadata.graphql.swift in Sources */ = {isa = PBXBuildFile; fileRef = E585399229210949008C9FC5 /* SchemaMetadata.graphql.swift */; };
		E585399F29211449008C9FC5 /* ShowLocationsViewModel.swift in Sources */ = {isa = PBXBuildFile; fileRef = E585399E29211449008C9FC5 /* ShowLocationsViewModel.swift */; };
		E58539A32921147E008C9FC5 /* ShowEpisodesScreen.swift in Sources */ = {isa = PBXBuildFile; fileRef = E58539A22921147E008C9FC5 /* ShowEpisodesScreen.swift */; };
		E58539A5292114B5008C9FC5 /* ShowLocationsScreen.swift in Sources */ = {isa = PBXBuildFile; fileRef = E58539A4292114B5008C9FC5 /* ShowLocationsScreen.swift */; };
		E58539A7292114D9008C9FC5 /* ShowEpisodesViewModel.swift in Sources */ = {isa = PBXBuildFile; fileRef = E58539A6292114D9008C9FC5 /* ShowEpisodesViewModel.swift */; };
		E58539AB29211874008C9FC5 /* FilterCharactersScreen.swift in Sources */ = {isa = PBXBuildFile; fileRef = E58539AA29211874008C9FC5 /* FilterCharactersScreen.swift */; };
		E58539AD29211883008C9FC5 /* FilterCharactersViewModel.swift in Sources */ = {isa = PBXBuildFile; fileRef = E58539AC29211883008C9FC5 /* FilterCharactersViewModel.swift */; };
		E58539AF29211936008C9FC5 /* CharacterStack.swift in Sources */ = {isa = PBXBuildFile; fileRef = E58539AE29211936008C9FC5 /* CharacterStack.swift */; };
		E58539B1292123D8008C9FC5 /* NavigationParams.swift in Sources */ = {isa = PBXBuildFile; fileRef = E58539B0292123D8008C9FC5 /* NavigationParams.swift */; };
		E58539B429212C69008C9FC5 /* Router.swift in Sources */ = {isa = PBXBuildFile; fileRef = E58539B329212C69008C9FC5 /* Router.swift */; };
		E58539B829212DB0008C9FC5 /* CharacterDetailsScreen.swift in Sources */ = {isa = PBXBuildFile; fileRef = E58539B729212DB0008C9FC5 /* CharacterDetailsScreen.swift */; };
		E58539BA29212DD6008C9FC5 /* CharacterDetailsViewModel.swift in Sources */ = {isa = PBXBuildFile; fileRef = E58539B929212DD6008C9FC5 /* CharacterDetailsViewModel.swift */; };
		E588C0E1291901B9000B6C64 /* Characters.graphql in Resources */ = {isa = PBXBuildFile; fileRef = E588C0E0291901B9000B6C64 /* Characters.graphql */; };
		E588C0E32919024A000B6C64 /* apollo-codegen-config.json in Resources */ = {isa = PBXBuildFile; fileRef = E588C0E22919024A000B6C64 /* apollo-codegen-config.json */; };
		E58E2C6F29202C35005A261F /* Localizable.strings in Resources */ = {isa = PBXBuildFile; fileRef = E58E2C6D29202C35005A261F /* Localizable.strings */; };
		E594DD0D292143D7002F7038 /* FilterButton.swift in Sources */ = {isa = PBXBuildFile; fileRef = E594DD0C292143D7002F7038 /* FilterButton.swift */; };
		E594DD0F29214988002F7038 /* CharacterCard.swift in Sources */ = {isa = PBXBuildFile; fileRef = E594DD0E29214988002F7038 /* CharacterCard.swift */; };
		E594DD1229214AE2002F7038 /* Character.swift in Sources */ = {isa = PBXBuildFile; fileRef = E594DD1129214AE2002F7038 /* Character.swift */; };
		E594DD15292150C0002F7038 /* LocalizedEnums.swift in Sources */ = {isa = PBXBuildFile; fileRef = E594DD14292150C0002F7038 /* LocalizedEnums.swift */; };
		E594DD1729215736002F7038 /* CharacterList.swift in Sources */ = {isa = PBXBuildFile; fileRef = E594DD1629215736002F7038 /* CharacterList.swift */; };
		E59B488C2913EE5500AB3085 /* Main.swift in Sources */ = {isa = PBXBuildFile; fileRef = E59B488B2913EE5500AB3085 /* Main.swift */; };
		E59B48902913EE5700AB3085 /* Assets.xcassets in Resources */ = {isa = PBXBuildFile; fileRef = E59B488F2913EE5700AB3085 /* Assets.xcassets */; };
		E59B489E2913EE5800AB3085 /* rickandmortyexampleTests.swift in Sources */ = {isa = PBXBuildFile; fileRef = E59B489D2913EE5800AB3085 /* rickandmortyexampleTests.swift */; };
		E59B48A82913EE5800AB3085 /* rickandmortyexampleUITests.swift in Sources */ = {isa = PBXBuildFile; fileRef = E59B48A72913EE5800AB3085 /* rickandmortyexampleUITests.swift */; };
		E59B48AA2913EE5800AB3085 /* rickandmortyexampleUITestsLaunchTests.swift in Sources */ = {isa = PBXBuildFile; fileRef = E59B48A92913EE5800AB3085 /* rickandmortyexampleUITestsLaunchTests.swift */; };
		E59B48BC2913FBF300AB3085 /* .swiftlint.yml in Resources */ = {isa = PBXBuildFile; fileRef = E59B48BB2913FBF300AB3085 /* .swiftlint.yml */; };
		E59B48BD2913FBF300AB3085 /* .swiftlint.yml in Resources */ = {isa = PBXBuildFile; fileRef = E59B48BB2913FBF300AB3085 /* .swiftlint.yml */; };
		E59B48BE2913FBF300AB3085 /* .swiftlint.yml in Resources */ = {isa = PBXBuildFile; fileRef = E59B48BB2913FBF300AB3085 /* .swiftlint.yml */; };
		E59B48C029140C6C00AB3085 /* .gitignore in Resources */ = {isa = PBXBuildFile; fileRef = E59B48BF29140C6C00AB3085 /* .gitignore */; };
		E59B48C129140C6C00AB3085 /* .gitignore in Resources */ = {isa = PBXBuildFile; fileRef = E59B48BF29140C6C00AB3085 /* .gitignore */; };
		E59B48C229140C6C00AB3085 /* .gitignore in Resources */ = {isa = PBXBuildFile; fileRef = E59B48BF29140C6C00AB3085 /* .gitignore */; };
		E59B48C42914106000AB3085 /* Colors.swift in Sources */ = {isa = PBXBuildFile; fileRef = E59B48C32914106000AB3085 /* Colors.swift */; };
		E59B48C829141BDD00AB3085 /* Text.swift in Sources */ = {isa = PBXBuildFile; fileRef = E59B48C729141BDD00AB3085 /* Text.swift */; };
		E59B48CA2914263600AB3085 /* FontWithLineHeight.swift in Sources */ = {isa = PBXBuildFile; fileRef = E59B48C92914263600AB3085 /* FontWithLineHeight.swift */; };
		E59EF7BF2920FF3300628FED /* ShowCharactersScreen.swift in Sources */ = {isa = PBXBuildFile; fileRef = E59EF7BE2920FF3300628FED /* ShowCharactersScreen.swift */; };
		E59EF7C22920FF9900628FED /* TabsNavigator.swift in Sources */ = {isa = PBXBuildFile; fileRef = E59EF7C12920FF9900628FED /* TabsNavigator.swift */; };
		E59EF7C42921015700628FED /* ShowCharactersViewModel.swift in Sources */ = {isa = PBXBuildFile; fileRef = E59EF7C32921015700628FED /* ShowCharactersViewModel.swift */; };
		E5A9599F2915A27C00CE6358 /* TabItem.swift in Sources */ = {isa = PBXBuildFile; fileRef = E5A9599E2915A27C00CE6358 /* TabItem.swift */; };
		E5AD1D2129253120007B7315 /* Configuration.swift in Sources */ = {isa = PBXBuildFile; fileRef = E5AD1D2029253120007B7315 /* Configuration.swift */; };
		E5AD1D2329253199007B7315 /* IOSConfiguration.swift in Sources */ = {isa = PBXBuildFile; fileRef = E5AD1D2229253199007B7315 /* IOSConfiguration.swift */; };
		E5AD1D252925411C007B7315 /* CharactersLocalDataSource.swift in Sources */ = {isa = PBXBuildFile; fileRef = E5AD1D242925411C007B7315 /* CharactersLocalDataSource.swift */; };
		E5AE4ADF2927C7E500249894 /* ResultExtensions.swift in Sources */ = {isa = PBXBuildFile; fileRef = E5AE4ADE2927C7E500249894 /* ResultExtensions.swift */; };
		E5B1851929256E7200400366 /* DBSchema.xcdatamodeld in Sources */ = {isa = PBXBuildFile; fileRef = E5B1851729256E7200400366 /* DBSchema.xcdatamodeld */; };
		E5B1851B2925799100400366 /* CoreDataCharactersDataSource.swift in Sources */ = {isa = PBXBuildFile; fileRef = E5B1851A2925799100400366 /* CoreDataCharactersDataSource.swift */; };
		E5B54FAE29154AEC000D4E6C /* Icon.swift in Sources */ = {isa = PBXBuildFile; fileRef = E5B54FAD29154AEC000D4E6C /* Icon.swift */; };
		E5B958BF291900670023CB3A /* Makefile in Sources */ = {isa = PBXBuildFile; fileRef = E5B958BD291900670023CB3A /* Makefile */; };
		E5B958C0291900670023CB3A /* Makefile in Sources */ = {isa = PBXBuildFile; fileRef = E5B958BD291900670023CB3A /* Makefile */; };
		E5BAF9FE2924E47B00F1610B /* CharactersRepository.swift in Sources */ = {isa = PBXBuildFile; fileRef = E5BAF9FD2924E47B00F1610B /* CharactersRepository.swift */; };
		E5C7C2E329190E2300FA74F8 /* Schema.graphqls in Resources */ = {isa = PBXBuildFile; fileRef = E5C7C2DC29190E2300FA74F8 /* Schema.graphqls */; };
		E5C7C2ED2919225B00FA74F8 /* MainContainer.swift in Sources */ = {isa = PBXBuildFile; fileRef = E5C7C2EC2919225B00FA74F8 /* MainContainer.swift */; };
		E5C7C2EF2919263400FA74F8 /* NeedleGenerated.swift in Sources */ = {isa = PBXBuildFile; fileRef = E5C7C2EE2919263400FA74F8 /* NeedleGenerated.swift */; };
		E5D5D0A0292421C5006771CA /* CharacterSummary.swift in Sources */ = {isa = PBXBuildFile; fileRef = E5D5D09F292421C5006771CA /* CharacterSummary.swift */; };
		E5D5D0A529242552006771CA /* CharactersRepositoryImpl.swift in Sources */ = {isa = PBXBuildFile; fileRef = E5D5D0A429242552006771CA /* CharactersRepositoryImpl.swift */; };
		E5D5D0A82924261C006771CA /* CharactersRemoteDataSource.swift in Sources */ = {isa = PBXBuildFile; fileRef = E5D5D0A72924261C006771CA /* CharactersRemoteDataSource.swift */; };
		E5D5D0AA29242673006771CA /* GraphQLCharactersDataSource.swift in Sources */ = {isa = PBXBuildFile; fileRef = E5D5D0A929242673006771CA /* GraphQLCharactersDataSource.swift */; };
		E5D5D0AD2924295B006771CA /* Error.swift in Sources */ = {isa = PBXBuildFile; fileRef = E5D5D0AC2924295B006771CA /* Error.swift */; };
		E5D5D0B129243512006771CA /* Info.graphql.swift in Sources */ = {isa = PBXBuildFile; fileRef = E5D5D0B029243512006771CA /* Info.graphql.swift */; };
/* End PBXBuildFile section */

/* Begin PBXContainerItemProxy section */
		E59B489A2913EE5700AB3085 /* PBXContainerItemProxy */ = {
			isa = PBXContainerItemProxy;
			containerPortal = E59B48802913EE5500AB3085 /* Project object */;
			proxyType = 1;
			remoteGlobalIDString = E59B48872913EE5500AB3085;
			remoteInfo = rickandmortyexample;
		};
		E59B48A42913EE5800AB3085 /* PBXContainerItemProxy */ = {
			isa = PBXContainerItemProxy;
			containerPortal = E59B48802913EE5500AB3085 /* Project object */;
			proxyType = 1;
			remoteGlobalIDString = E59B48872913EE5500AB3085;
			remoteInfo = rickandmortyexample;
		};
/* End PBXContainerItemProxy section */

/* Begin PBXFileReference section */
		3085D222B3AABC5CD190B9EA /* Pods-Rickandmortyexample-RickandmortyexampleUITests.debug.xcconfig */ = {isa = PBXFileReference; includeInIndex = 1; lastKnownFileType = text.xcconfig; name = "Pods-Rickandmortyexample-RickandmortyexampleUITests.debug.xcconfig"; path = "Target Support Files/Pods-Rickandmortyexample-RickandmortyexampleUITests/Pods-Rickandmortyexample-RickandmortyexampleUITests.debug.xcconfig"; sourceTree = "<group>"; };
		37FB4A913C8E03A3FC547E8B /* Pods-Rickandmortyexample.release.xcconfig */ = {isa = PBXFileReference; includeInIndex = 1; lastKnownFileType = text.xcconfig; name = "Pods-Rickandmortyexample.release.xcconfig"; path = "Target Support Files/Pods-Rickandmortyexample/Pods-Rickandmortyexample.release.xcconfig"; sourceTree = "<group>"; };
		499DEC307F9E8569A94CCC69 /* RickandmortyexampleTests-RickandmortyexampleMocks.generated.swift */ = {isa = PBXFileReference; explicitFileType = sourcecode.swift; name = "RickandmortyexampleTests-RickandmortyexampleMocks.generated.swift"; path = "MockingbirdMocks/RickandmortyexampleTests-RickandmortyexampleMocks.generated.swift"; sourceTree = "<group>"; };
		4F99D0FDC528814A0DACEA53 /* Pods-RickandmortyexampleTests.release.xcconfig */ = {isa = PBXFileReference; includeInIndex = 1; lastKnownFileType = text.xcconfig; name = "Pods-RickandmortyexampleTests.release.xcconfig"; path = "Target Support Files/Pods-RickandmortyexampleTests/Pods-RickandmortyexampleTests.release.xcconfig"; sourceTree = "<group>"; };
		A10B875461B6C2F4551A5628 /* Pods_RickandmortyexampleTests.framework */ = {isa = PBXFileReference; explicitFileType = wrapper.framework; includeInIndex = 0; path = Pods_RickandmortyexampleTests.framework; sourceTree = BUILT_PRODUCTS_DIR; };
		A38597ADE49F50F1F41BB924 /* Pods_Rickandmortyexample_RickandmortyexampleUITests.framework */ = {isa = PBXFileReference; explicitFileType = wrapper.framework; includeInIndex = 0; path = Pods_Rickandmortyexample_RickandmortyexampleUITests.framework; sourceTree = BUILT_PRODUCTS_DIR; };
		D375BCF22A5B0A7B918A9AE9 /* Pods-Rickandmortyexample.debug.xcconfig */ = {isa = PBXFileReference; includeInIndex = 1; lastKnownFileType = text.xcconfig; name = "Pods-Rickandmortyexample.debug.xcconfig"; path = "Target Support Files/Pods-Rickandmortyexample/Pods-Rickandmortyexample.debug.xcconfig"; sourceTree = "<group>"; };
		DB50F85777D4BB0F348ED7AE /* Pods_Rickandmortyexample.framework */ = {isa = PBXFileReference; explicitFileType = wrapper.framework; includeInIndex = 0; path = Pods_Rickandmortyexample.framework; sourceTree = BUILT_PRODUCTS_DIR; };
		DB5CD3838E5CC5A348AB0E78 /* Pods-RickandmortyexampleTests.debug.xcconfig */ = {isa = PBXFileReference; includeInIndex = 1; lastKnownFileType = text.xcconfig; name = "Pods-RickandmortyexampleTests.debug.xcconfig"; path = "Target Support Files/Pods-RickandmortyexampleTests/Pods-RickandmortyexampleTests.debug.xcconfig"; sourceTree = "<group>"; };
		E54AA6122915A8750069B3B4 /* Border.swift */ = {isa = PBXFileReference; lastKnownFileType = sourcecode.swift; path = Border.swift; sourceTree = "<group>"; };
		E54AA6172915A9050069B3B4 /* Tabs.swift */ = {isa = PBXFileReference; lastKnownFileType = sourcecode.swift; path = Tabs.swift; sourceTree = "<group>"; };
		E56D16DB2922C96300B55DAF /* ListState.swift */ = {isa = PBXFileReference; lastKnownFileType = sourcecode.swift; path = ListState.swift; sourceTree = "<group>"; };
		E56D16DD2922CA0D00B55DAF /* ErrorState.swift */ = {isa = PBXFileReference; lastKnownFileType = sourcecode.swift; path = ErrorState.swift; sourceTree = "<group>"; };
		E585398929210859008C9FC5 /* CharactersQuery.graphql.swift */ = {isa = PBXFileReference; fileEncoding = 4; lastKnownFileType = sourcecode.swift; path = CharactersQuery.graphql.swift; sourceTree = "<group>"; };
		E585398E29210949008C9FC5 /* Characters.graphql.swift */ = {isa = PBXFileReference; fileEncoding = 4; lastKnownFileType = sourcecode.swift; path = Characters.graphql.swift; sourceTree = "<group>"; };
		E585398F29210949008C9FC5 /* Character.graphql.swift */ = {isa = PBXFileReference; fileEncoding = 4; lastKnownFileType = sourcecode.swift; path = Character.graphql.swift; sourceTree = "<group>"; };
		E585399029210949008C9FC5 /* Query.graphql.swift */ = {isa = PBXFileReference; fileEncoding = 4; lastKnownFileType = sourcecode.swift; path = Query.graphql.swift; sourceTree = "<group>"; };
		E585399129210949008C9FC5 /* SchemaConfiguration.swift */ = {isa = PBXFileReference; fileEncoding = 4; lastKnownFileType = sourcecode.swift; path = SchemaConfiguration.swift; sourceTree = "<group>"; };
		E585399229210949008C9FC5 /* SchemaMetadata.graphql.swift */ = {isa = PBXFileReference; fileEncoding = 4; lastKnownFileType = sourcecode.swift; path = SchemaMetadata.graphql.swift; sourceTree = "<group>"; };
		E585399E29211449008C9FC5 /* ShowLocationsViewModel.swift */ = {isa = PBXFileReference; lastKnownFileType = sourcecode.swift; path = ShowLocationsViewModel.swift; sourceTree = "<group>"; };
		E58539A22921147E008C9FC5 /* ShowEpisodesScreen.swift */ = {isa = PBXFileReference; lastKnownFileType = sourcecode.swift; path = ShowEpisodesScreen.swift; sourceTree = "<group>"; };
		E58539A4292114B5008C9FC5 /* ShowLocationsScreen.swift */ = {isa = PBXFileReference; fileEncoding = 4; lastKnownFileType = sourcecode.swift; path = ShowLocationsScreen.swift; sourceTree = "<group>"; };
		E58539A6292114D9008C9FC5 /* ShowEpisodesViewModel.swift */ = {isa = PBXFileReference; lastKnownFileType = sourcecode.swift; path = ShowEpisodesViewModel.swift; sourceTree = "<group>"; };
		E58539AA29211874008C9FC5 /* FilterCharactersScreen.swift */ = {isa = PBXFileReference; lastKnownFileType = sourcecode.swift; path = FilterCharactersScreen.swift; sourceTree = "<group>"; };
		E58539AC29211883008C9FC5 /* FilterCharactersViewModel.swift */ = {isa = PBXFileReference; lastKnownFileType = sourcecode.swift; path = FilterCharactersViewModel.swift; sourceTree = "<group>"; };
		E58539AE29211936008C9FC5 /* CharacterStack.swift */ = {isa = PBXFileReference; lastKnownFileType = sourcecode.swift; path = CharacterStack.swift; sourceTree = "<group>"; };
		E58539B0292123D8008C9FC5 /* NavigationParams.swift */ = {isa = PBXFileReference; lastKnownFileType = sourcecode.swift; path = NavigationParams.swift; sourceTree = "<group>"; };
		E58539B329212C69008C9FC5 /* Router.swift */ = {isa = PBXFileReference; lastKnownFileType = sourcecode.swift; path = Router.swift; sourceTree = "<group>"; };
		E58539B729212DB0008C9FC5 /* CharacterDetailsScreen.swift */ = {isa = PBXFileReference; lastKnownFileType = sourcecode.swift; path = CharacterDetailsScreen.swift; sourceTree = "<group>"; };
		E58539B929212DD6008C9FC5 /* CharacterDetailsViewModel.swift */ = {isa = PBXFileReference; lastKnownFileType = sourcecode.swift; path = CharacterDetailsViewModel.swift; sourceTree = "<group>"; };
		E588C0E0291901B9000B6C64 /* Characters.graphql */ = {isa = PBXFileReference; lastKnownFileType = text; path = Characters.graphql; sourceTree = "<group>"; };
		E588C0E22919024A000B6C64 /* apollo-codegen-config.json */ = {isa = PBXFileReference; fileEncoding = 4; lastKnownFileType = text.json; path = "apollo-codegen-config.json"; sourceTree = "<group>"; };
		E58E2C6E29202C35005A261F /* en */ = {isa = PBXFileReference; lastKnownFileType = text.plist.strings; name = en; path = Localizable.strings; sourceTree = "<group>"; };
		E594DD0C292143D7002F7038 /* FilterButton.swift */ = {isa = PBXFileReference; lastKnownFileType = sourcecode.swift; path = FilterButton.swift; sourceTree = "<group>"; };
		E594DD0E29214988002F7038 /* CharacterCard.swift */ = {isa = PBXFileReference; lastKnownFileType = sourcecode.swift; path = CharacterCard.swift; sourceTree = "<group>"; };
		E594DD1129214AE2002F7038 /* Character.swift */ = {isa = PBXFileReference; lastKnownFileType = sourcecode.swift; path = Character.swift; sourceTree = "<group>"; };
		E594DD14292150C0002F7038 /* LocalizedEnums.swift */ = {isa = PBXFileReference; lastKnownFileType = sourcecode.swift; path = LocalizedEnums.swift; sourceTree = "<group>"; };
		E594DD1629215736002F7038 /* CharacterList.swift */ = {isa = PBXFileReference; lastKnownFileType = sourcecode.swift; path = CharacterList.swift; sourceTree = "<group>"; };
		E59B48882913EE5500AB3085 /* Rickandmortyexample.app */ = {isa = PBXFileReference; explicitFileType = wrapper.application; includeInIndex = 0; path = Rickandmortyexample.app; sourceTree = BUILT_PRODUCTS_DIR; };
		E59B488B2913EE5500AB3085 /* Main.swift */ = {isa = PBXFileReference; lastKnownFileType = sourcecode.swift; path = Main.swift; sourceTree = "<group>"; };
		E59B488F2913EE5700AB3085 /* Assets.xcassets */ = {isa = PBXFileReference; lastKnownFileType = folder.assetcatalog; path = Assets.xcassets; sourceTree = "<group>"; };
		E59B48912913EE5700AB3085 /* App.entitlements */ = {isa = PBXFileReference; lastKnownFileType = text.plist.entitlements; path = App.entitlements; sourceTree = "<group>"; };
		E59B48992913EE5700AB3085 /* RickandmortyexampleTests.xctest */ = {isa = PBXFileReference; explicitFileType = wrapper.cfbundle; includeInIndex = 0; path = RickandmortyexampleTests.xctest; sourceTree = BUILT_PRODUCTS_DIR; };
		E59B489D2913EE5800AB3085 /* rickandmortyexampleTests.swift */ = {isa = PBXFileReference; lastKnownFileType = sourcecode.swift; path = rickandmortyexampleTests.swift; sourceTree = "<group>"; };
		E59B48A32913EE5800AB3085 /* RickandmortyexampleUITests.xctest */ = {isa = PBXFileReference; explicitFileType = wrapper.cfbundle; includeInIndex = 0; path = RickandmortyexampleUITests.xctest; sourceTree = BUILT_PRODUCTS_DIR; };
		E59B48A72913EE5800AB3085 /* rickandmortyexampleUITests.swift */ = {isa = PBXFileReference; lastKnownFileType = sourcecode.swift; path = rickandmortyexampleUITests.swift; sourceTree = "<group>"; };
		E59B48A92913EE5800AB3085 /* rickandmortyexampleUITestsLaunchTests.swift */ = {isa = PBXFileReference; lastKnownFileType = sourcecode.swift; path = rickandmortyexampleUITestsLaunchTests.swift; sourceTree = "<group>"; };
		E59B48BB2913FBF300AB3085 /* .swiftlint.yml */ = {isa = PBXFileReference; fileEncoding = 4; lastKnownFileType = text.yaml; path = .swiftlint.yml; sourceTree = "<group>"; };
		E59B48BF29140C6C00AB3085 /* .gitignore */ = {isa = PBXFileReference; fileEncoding = 4; lastKnownFileType = text; path = .gitignore; sourceTree = "<group>"; };
		E59B48C32914106000AB3085 /* Colors.swift */ = {isa = PBXFileReference; lastKnownFileType = sourcecode.swift; path = Colors.swift; sourceTree = "<group>"; };
		E59B48C729141BDD00AB3085 /* Text.swift */ = {isa = PBXFileReference; lastKnownFileType = sourcecode.swift; path = Text.swift; sourceTree = "<group>"; };
		E59B48C92914263600AB3085 /* FontWithLineHeight.swift */ = {isa = PBXFileReference; lastKnownFileType = sourcecode.swift; path = FontWithLineHeight.swift; sourceTree = "<group>"; };
		E59EF7BE2920FF3300628FED /* ShowCharactersScreen.swift */ = {isa = PBXFileReference; lastKnownFileType = sourcecode.swift; path = ShowCharactersScreen.swift; sourceTree = "<group>"; };
		E59EF7C12920FF9900628FED /* TabsNavigator.swift */ = {isa = PBXFileReference; lastKnownFileType = sourcecode.swift; path = TabsNavigator.swift; sourceTree = "<group>"; };
		E59EF7C32921015700628FED /* ShowCharactersViewModel.swift */ = {isa = PBXFileReference; lastKnownFileType = sourcecode.swift; path = ShowCharactersViewModel.swift; sourceTree = "<group>"; };
		E5A9599E2915A27C00CE6358 /* TabItem.swift */ = {isa = PBXFileReference; lastKnownFileType = sourcecode.swift; path = TabItem.swift; sourceTree = "<group>"; };
		E5AD1D2029253120007B7315 /* Configuration.swift */ = {isa = PBXFileReference; lastKnownFileType = sourcecode.swift; path = Configuration.swift; sourceTree = "<group>"; };
		E5AD1D2229253199007B7315 /* IOSConfiguration.swift */ = {isa = PBXFileReference; lastKnownFileType = sourcecode.swift; path = IOSConfiguration.swift; sourceTree = "<group>"; };
		E5AD1D242925411C007B7315 /* CharactersLocalDataSource.swift */ = {isa = PBXFileReference; lastKnownFileType = sourcecode.swift; path = CharactersLocalDataSource.swift; sourceTree = "<group>"; };
		E5AE4ADE2927C7E500249894 /* ResultExtensions.swift */ = {isa = PBXFileReference; lastKnownFileType = sourcecode.swift; path = ResultExtensions.swift; sourceTree = "<group>"; };
		E5B1851829256E7200400366 /* DBSchema.xcdatamodel */ = {isa = PBXFileReference; lastKnownFileType = wrapper.xcdatamodel; path = DBSchema.xcdatamodel; sourceTree = "<group>"; };
		E5B1851A2925799100400366 /* CoreDataCharactersDataSource.swift */ = {isa = PBXFileReference; lastKnownFileType = sourcecode.swift; path = CoreDataCharactersDataSource.swift; sourceTree = "<group>"; };
		E5B54FAD29154AEC000D4E6C /* Icon.swift */ = {isa = PBXFileReference; lastKnownFileType = sourcecode.swift; path = Icon.swift; sourceTree = "<group>"; };
		E5B958BD291900670023CB3A /* Makefile */ = {isa = PBXFileReference; fileEncoding = 4; lastKnownFileType = sourcecode.make; path = Makefile; sourceTree = "<group>"; };
		E5BAF9FD2924E47B00F1610B /* CharactersRepository.swift */ = {isa = PBXFileReference; lastKnownFileType = sourcecode.swift; path = CharactersRepository.swift; sourceTree = "<group>"; };
		E5C7C2DC29190E2300FA74F8 /* Schema.graphqls */ = {isa = PBXFileReference; fileEncoding = 4; lastKnownFileType = text; path = Schema.graphqls; sourceTree = "<group>"; };
		E5C7C2EC2919225B00FA74F8 /* MainContainer.swift */ = {isa = PBXFileReference; lastKnownFileType = sourcecode.swift; path = MainContainer.swift; sourceTree = "<group>"; };
		E5C7C2EE2919263400FA74F8 /* NeedleGenerated.swift */ = {isa = PBXFileReference; fileEncoding = 4; lastKnownFileType = sourcecode.swift; path = NeedleGenerated.swift; sourceTree = "<group>"; };
		E5D5D09F292421C5006771CA /* CharacterSummary.swift */ = {isa = PBXFileReference; lastKnownFileType = sourcecode.swift; path = CharacterSummary.swift; sourceTree = "<group>"; };
		E5D5D0A429242552006771CA /* CharactersRepositoryImpl.swift */ = {isa = PBXFileReference; lastKnownFileType = sourcecode.swift; path = CharactersRepositoryImpl.swift; sourceTree = "<group>"; };
		E5D5D0A72924261C006771CA /* CharactersRemoteDataSource.swift */ = {isa = PBXFileReference; lastKnownFileType = sourcecode.swift; path = CharactersRemoteDataSource.swift; sourceTree = "<group>"; };
		E5D5D0A929242673006771CA /* GraphQLCharactersDataSource.swift */ = {isa = PBXFileReference; lastKnownFileType = sourcecode.swift; path = GraphQLCharactersDataSource.swift; sourceTree = "<group>"; };
		E5D5D0AC2924295B006771CA /* Error.swift */ = {isa = PBXFileReference; lastKnownFileType = sourcecode.swift; path = Error.swift; sourceTree = "<group>"; };
		E5D5D0B029243512006771CA /* Info.graphql.swift */ = {isa = PBXFileReference; fileEncoding = 4; lastKnownFileType = sourcecode.swift; path = Info.graphql.swift; sourceTree = "<group>"; };
		FD6089A3EEC903A417B7499A /* Pods-Rickandmortyexample-RickandmortyexampleUITests.release.xcconfig */ = {isa = PBXFileReference; includeInIndex = 1; lastKnownFileType = text.xcconfig; name = "Pods-Rickandmortyexample-RickandmortyexampleUITests.release.xcconfig"; path = "Target Support Files/Pods-Rickandmortyexample-RickandmortyexampleUITests/Pods-Rickandmortyexample-RickandmortyexampleUITests.release.xcconfig"; sourceTree = "<group>"; };
/* End PBXFileReference section */

/* Begin PBXFrameworksBuildPhase section */
		E59B48852913EE5500AB3085 /* Frameworks */ = {
			isa = PBXFrameworksBuildPhase;
			buildActionMask = 2147483647;
			files = (
				11589166D0FF877FD4FFB90B /* Pods_Rickandmortyexample.framework in Frameworks */,
			);
			runOnlyForDeploymentPostprocessing = 0;
		};
		E59B48962913EE5700AB3085 /* Frameworks */ = {
			isa = PBXFrameworksBuildPhase;
			buildActionMask = 2147483647;
			files = (
				0C4F715CC4217BA31EF7F4EB /* Pods_RickandmortyexampleTests.framework in Frameworks */,
			);
			runOnlyForDeploymentPostprocessing = 0;
		};
		E59B48A02913EE5800AB3085 /* Frameworks */ = {
			isa = PBXFrameworksBuildPhase;
			buildActionMask = 2147483647;
			files = (
				B42E7A507D710969E45F4874 /* Pods_Rickandmortyexample_RickandmortyexampleUITests.framework in Frameworks */,
			);
			runOnlyForDeploymentPostprocessing = 0;
		};
/* End PBXFrameworksBuildPhase section */

/* Begin PBXGroup section */
		0AEAD8F4A3B080C1D0E2061D /* Frameworks */ = {
			isa = PBXGroup;
			children = (
				DB50F85777D4BB0F348ED7AE /* Pods_Rickandmortyexample.framework */,
				A38597ADE49F50F1F41BB924 /* Pods_Rickandmortyexample_RickandmortyexampleUITests.framework */,
				A10B875461B6C2F4551A5628 /* Pods_RickandmortyexampleTests.framework */,
			);
			name = Frameworks;
			sourceTree = "<group>";
		};
		B60535FDBB6A5F11B19B65B3 /* Pods */ = {
			isa = PBXGroup;
			children = (
				D375BCF22A5B0A7B918A9AE9 /* Pods-Rickandmortyexample.debug.xcconfig */,
				37FB4A913C8E03A3FC547E8B /* Pods-Rickandmortyexample.release.xcconfig */,
				3085D222B3AABC5CD190B9EA /* Pods-Rickandmortyexample-RickandmortyexampleUITests.debug.xcconfig */,
				FD6089A3EEC903A417B7499A /* Pods-Rickandmortyexample-RickandmortyexampleUITests.release.xcconfig */,
				DB5CD3838E5CC5A348AB0E78 /* Pods-RickandmortyexampleTests.debug.xcconfig */,
				4F99D0FDC528814A0DACEA53 /* Pods-RickandmortyexampleTests.release.xcconfig */,
			);
			path = Pods;
			sourceTree = "<group>";
		};
		B78B080953DACA41550D9E70 /* Generated Mocks */ = {
			isa = PBXGroup;
			children = (
				499DEC307F9E8569A94CCC69 /* RickandmortyexampleTests-RickandmortyexampleMocks.generated.swift */,
			);
			name = "Generated Mocks";
			sourceTree = "<group>";
		};
		E54AA6112915A83B0069B3B4 /* Common */ = {
			isa = PBXGroup;
			children = (
				E594DD1029214AD4002F7038 /* Domain */,
				E585398B292108B4008C9FC5 /* Remote */,
				E54AA6142915A87E0069B3B4 /* UI */,
			);
			path = Common;
			sourceTree = "<group>";
		};
		E54AA6142915A87E0069B3B4 /* UI */ = {
			isa = PBXGroup;
			children = (
				E59B48C32914106000AB3085 /* Colors.swift */,
				E58539B0292123D8008C9FC5 /* NavigationParams.swift */,
				E594DD14292150C0002F7038 /* LocalizedEnums.swift */,
				E56D16DB2922C96300B55DAF /* ListState.swift */,
				E54AA6162915A88E0069B3B4 /* Utils */,
				E54AA6152915A8830069B3B4 /* Components */,
			);
			path = UI;
			sourceTree = "<group>";
		};
		E54AA6152915A8830069B3B4 /* Components */ = {
			isa = PBXGroup;
			children = (
				E59B48C729141BDD00AB3085 /* Text.swift */,
				E5A9599E2915A27C00CE6358 /* TabItem.swift */,
				E5B54FAD29154AEC000D4E6C /* Icon.swift */,
				E54AA6172915A9050069B3B4 /* Tabs.swift */,
				E594DD0C292143D7002F7038 /* FilterButton.swift */,
				E594DD0E29214988002F7038 /* CharacterCard.swift */,
				E594DD1629215736002F7038 /* CharacterList.swift */,
				E56D16DD2922CA0D00B55DAF /* ErrorState.swift */,
			);
			path = Components;
			sourceTree = "<group>";
		};
		E54AA6162915A88E0069B3B4 /* Utils */ = {
			isa = PBXGroup;
			children = (
				E54AA6122915A8750069B3B4 /* Border.swift */,
				E59B48C92914263600AB3085 /* FontWithLineHeight.swift */,
			);
			path = Utils;
			sourceTree = "<group>";
		};
		E585398B292108B4008C9FC5 /* Remote */ = {
			isa = PBXGroup;
			children = (
				E5C7C2DC29190E2300FA74F8 /* Schema.graphqls */,
				E585398C29210949008C9FC5 /* Generated */,
			);
			path = Remote;
			sourceTree = "<group>";
		};
		E585398C29210949008C9FC5 /* Generated */ = {
			isa = PBXGroup;
			children = (
				E585398D29210949008C9FC5 /* Objects */,
				E585399129210949008C9FC5 /* SchemaConfiguration.swift */,
				E585399229210949008C9FC5 /* SchemaMetadata.graphql.swift */,
			);
			path = Generated;
			sourceTree = "<group>";
		};
		E585398D29210949008C9FC5 /* Objects */ = {
			isa = PBXGroup;
			children = (
				E5D5D0B029243512006771CA /* Info.graphql.swift */,
				E585398E29210949008C9FC5 /* Characters.graphql.swift */,
				E585398F29210949008C9FC5 /* Character.graphql.swift */,
				E585399029210949008C9FC5 /* Query.graphql.swift */,
			);
			path = Objects;
			sourceTree = "<group>";
		};
		E5853998292113F5008C9FC5 /* Location */ = {
			isa = PBXGroup;
			children = (
				E585399A29211423008C9FC5 /* Show */,
			);
			path = Location;
			sourceTree = "<group>";
		};
		E5853999292113FA008C9FC5 /* Episode */ = {
			isa = PBXGroup;
			children = (
				E58539A029211459008C9FC5 /* Show */,
			);
			path = Episode;
			sourceTree = "<group>";
		};
		E585399A29211423008C9FC5 /* Show */ = {
			isa = PBXGroup;
			children = (
				E585399B29211428008C9FC5 /* UI */,
			);
			path = Show;
			sourceTree = "<group>";
		};
		E585399B29211428008C9FC5 /* UI */ = {
			isa = PBXGroup;
			children = (
				E58539A4292114B5008C9FC5 /* ShowLocationsScreen.swift */,
				E585399E29211449008C9FC5 /* ShowLocationsViewModel.swift */,
			);
			path = UI;
			sourceTree = "<group>";
		};
		E58539A029211459008C9FC5 /* Show */ = {
			isa = PBXGroup;
			children = (
				E58539A12921146A008C9FC5 /* UI */,
			);
			path = Show;
			sourceTree = "<group>";
		};
		E58539A12921146A008C9FC5 /* UI */ = {
			isa = PBXGroup;
			children = (
				E58539A22921147E008C9FC5 /* ShowEpisodesScreen.swift */,
				E58539A6292114D9008C9FC5 /* ShowEpisodesViewModel.swift */,
			);
			path = UI;
			sourceTree = "<group>";
		};
		E58539A82921185A008C9FC5 /* Filter */ = {
			isa = PBXGroup;
			children = (
				E58539A929211866008C9FC5 /* UI */,
			);
			path = Filter;
			sourceTree = "<group>";
		};
		E58539A929211866008C9FC5 /* UI */ = {
			isa = PBXGroup;
			children = (
				E58539AA29211874008C9FC5 /* FilterCharactersScreen.swift */,
				E58539AC29211883008C9FC5 /* FilterCharactersViewModel.swift */,
			);
			path = UI;
			sourceTree = "<group>";
		};
		E58539B229212C5A008C9FC5 /* Utils */ = {
			isa = PBXGroup;
			children = (
				E58539B329212C69008C9FC5 /* Router.swift */,
			);
			path = Utils;
			sourceTree = "<group>";
		};
		E58539B529212D9C008C9FC5 /* ShowDetails */ = {
			isa = PBXGroup;
			children = (
				E58539B629212DA3008C9FC5 /* UI */,
			);
			path = ShowDetails;
			sourceTree = "<group>";
		};
		E58539B629212DA3008C9FC5 /* UI */ = {
			isa = PBXGroup;
			children = (
				E58539B729212DB0008C9FC5 /* CharacterDetailsScreen.swift */,
				E58539B929212DD6008C9FC5 /* CharacterDetailsViewModel.swift */,
			);
			path = UI;
			sourceTree = "<group>";
		};
		E58E2C6829202A61005A261F /* I18N */ = {
			isa = PBXGroup;
			children = (
				E58E2C6C29202C35005A261F /* en.lproj */,
			);
			path = I18N;
			sourceTree = "<group>";
		};
		E58E2C6C29202C35005A261F /* en.lproj */ = {
			isa = PBXGroup;
			children = (
				E58E2C6D29202C35005A261F /* Localizable.strings */,
			);
			path = en.lproj;
			sourceTree = "<group>";
		};
		E58E2C7029203A0B005A261F /* Character */ = {
			isa = PBXGroup;
			children = (
				E58539B529212D9C008C9FC5 /* ShowDetails */,
				E58539A82921185A008C9FC5 /* Filter */,
				E58E2C7129203C6D005A261F /* Show */,
			);
			path = Character;
			sourceTree = "<group>";
		};
		E58E2C7129203C6D005A261F /* Show */ = {
			isa = PBXGroup;
			children = (
				E5D5D0A1292424B2006771CA /* Presentation */,
				E5D5D09E292421B3006771CA /* Domain */,
				E59EF7C62921063900628FED /* Data */,
				E59EF7C52921062C00628FED /* UI */,
			);
			path = Show;
			sourceTree = "<group>";
		};
		E594DD1029214AD4002F7038 /* Domain */ = {
			isa = PBXGroup;
			children = (
				E5AE4ADD2927C7D800249894 /* Utils */,
				E594DD1129214AE2002F7038 /* Character.swift */,
				E5D5D0AC2924295B006771CA /* Error.swift */,
				E5AD1D2029253120007B7315 /* Configuration.swift */,
			);
			path = Domain;
			sourceTree = "<group>";
		};
		E59B487F2913EE5500AB3085 = {
			isa = PBXGroup;
			children = (
				E588C0E22919024A000B6C64 /* apollo-codegen-config.json */,
				E59B48BB2913FBF300AB3085 /* .swiftlint.yml */,
				E59B48BF29140C6C00AB3085 /* .gitignore */,
				E5B958BD291900670023CB3A /* Makefile */,
				E59B488A2913EE5500AB3085 /* Rickandmortyexample */,
				E59B489C2913EE5800AB3085 /* RickandmortyexampleTests */,
				E59B48A62913EE5800AB3085 /* RickandmortyexampleUITests */,
				E59B48892913EE5500AB3085 /* Products */,
				B60535FDBB6A5F11B19B65B3 /* Pods */,
				0AEAD8F4A3B080C1D0E2061D /* Frameworks */,
				B78B080953DACA41550D9E70 /* Generated Mocks */,
			);
			sourceTree = "<group>";
		};
		E59B48892913EE5500AB3085 /* Products */ = {
			isa = PBXGroup;
			children = (
				E59B48882913EE5500AB3085 /* Rickandmortyexample.app */,
				E59B48992913EE5700AB3085 /* RickandmortyexampleTests.xctest */,
				E59B48A32913EE5800AB3085 /* RickandmortyexampleUITests.xctest */,
			);
			name = Products;
			sourceTree = "<group>";
		};
		E59B488A2913EE5500AB3085 /* Rickandmortyexample */ = {
			isa = PBXGroup;
			children = (
				E5853999292113FA008C9FC5 /* Episode */,
				E5853998292113F5008C9FC5 /* Location */,
				E58E2C7029203A0B005A261F /* Character */,
				E5C7C2E929191E9B00FA74F8 /* Core */,
				E54AA6112915A83B0069B3B4 /* Common */,
				E5B54FAB291548ED000D4E6C /* Resources */,
				E59B488B2913EE5500AB3085 /* Main.swift */,
			);
			name = Rickandmortyexample;
			path = ../Rickandmortyexample/Rickandmortyexample;
			sourceTree = "<group>";
		};
		E59B489C2913EE5800AB3085 /* RickandmortyexampleTests */ = {
			isa = PBXGroup;
			children = (
				E59B489D2913EE5800AB3085 /* rickandmortyexampleTests.swift */,
			);
			name = RickandmortyexampleTests;
			path = ../Rickandmortyexample/RickandmortyexampleTests;
			sourceTree = "<group>";
		};
		E59B48A62913EE5800AB3085 /* RickandmortyexampleUITests */ = {
			isa = PBXGroup;
			children = (
				E59B48A72913EE5800AB3085 /* rickandmortyexampleUITests.swift */,
				E59B48A92913EE5800AB3085 /* rickandmortyexampleUITestsLaunchTests.swift */,
			);
			name = RickandmortyexampleUITests;
			path = ../Rickandmortyexample/RickandmortyexampleUITests;
			sourceTree = "<group>";
		};
		E59EF7C02920FF8300628FED /* Navigation */ = {
			isa = PBXGroup;
			children = (
				E58539B229212C5A008C9FC5 /* Utils */,
				E59EF7C12920FF9900628FED /* TabsNavigator.swift */,
				E58539AE29211936008C9FC5 /* CharacterStack.swift */,
			);
			path = Navigation;
			sourceTree = "<group>";
		};
		E59EF7C52921062C00628FED /* UI */ = {
			isa = PBXGroup;
			children = (
				E59EF7BE2920FF3300628FED /* ShowCharactersScreen.swift */,
			);
			path = UI;
			sourceTree = "<group>";
		};
		E59EF7C62921063900628FED /* Data */ = {
			isa = PBXGroup;
			children = (
				E5D5D0A429242552006771CA /* CharactersRepositoryImpl.swift */,
				E5D5D0A72924261C006771CA /* CharactersRemoteDataSource.swift */,
				E5AD1D242925411C007B7315 /* CharactersLocalDataSource.swift */,
				E5D5D0AB29242823006771CA /* Local */,
				E5D5D0A62924257C006771CA /* Remote */,
			);
			path = Data;
			sourceTree = "<group>";
		};
		E5AE4ADD2927C7D800249894 /* Utils */ = {
			isa = PBXGroup;
			children = (
				E5AE4ADE2927C7E500249894 /* ResultExtensions.swift */,
			);
			path = Utils;
			sourceTree = "<group>";
		};
		E5B54FAB291548ED000D4E6C /* Resources */ = {
			isa = PBXGroup;
			children = (
				E59B48912913EE5700AB3085 /* App.entitlements */,
				E58E2C6829202A61005A261F /* I18N */,
				E5B54FAC29154AAE000D4E6C /* PreviewContent */,
				E59B488F2913EE5700AB3085 /* Assets.xcassets */,
				E5B1851729256E7200400366 /* DBSchema.xcdatamodeld */,
			);
			path = Resources;
			sourceTree = "<group>";
		};
		E5B54FAC29154AAE000D4E6C /* PreviewContent */ = {
			isa = PBXGroup;
			children = (
			);
			path = PreviewContent;
			sourceTree = "<group>";
		};
		E5C7C2E929191E9B00FA74F8 /* Core */ = {
			isa = PBXGroup;
			children = (
				E59EF7C02920FF8300628FED /* Navigation */,
				E5C7C2EB2919215F00FA74F8 /* DI */,
				E5AD1D2229253199007B7315 /* IOSConfiguration.swift */,
			);
			path = Core;
			sourceTree = "<group>";
		};
		E5C7C2EB2919215F00FA74F8 /* DI */ = {
			isa = PBXGroup;
			children = (
				E5C7C2EE2919263400FA74F8 /* NeedleGenerated.swift */,
				E5C7C2EC2919225B00FA74F8 /* MainContainer.swift */,
			);
			path = DI;
			sourceTree = "<group>";
		};
		E5D5D09E292421B3006771CA /* Domain */ = {
			isa = PBXGroup;
			children = (
				E5D5D09F292421C5006771CA /* CharacterSummary.swift */,
			);
			path = Domain;
			sourceTree = "<group>";
		};
		E5D5D0A1292424B2006771CA /* Presentation */ = {
			isa = PBXGroup;
			children = (
				E59EF7C32921015700628FED /* ShowCharactersViewModel.swift */,
				E5BAF9FD2924E47B00F1610B /* CharactersRepository.swift */,
			);
			path = Presentation;
			sourceTree = "<group>";
		};
		E5D5D0A62924257C006771CA /* Remote */ = {
			isa = PBXGroup;
			children = (
				E585398929210859008C9FC5 /* CharactersQuery.graphql.swift */,
				E588C0E0291901B9000B6C64 /* Characters.graphql */,
				E5D5D0A929242673006771CA /* GraphQLCharactersDataSource.swift */,
			);
			path = Remote;
			sourceTree = "<group>";
		};
		E5D5D0AB29242823006771CA /* Local */ = {
			isa = PBXGroup;
			children = (
				E5B1851A2925799100400366 /* CoreDataCharactersDataSource.swift */,
			);
			path = Local;
			sourceTree = "<group>";
		};
/* End PBXGroup section */

/* Begin PBXNativeTarget section */
		E59B48872913EE5500AB3085 /* Rickandmortyexample */ = {
			isa = PBXNativeTarget;
			buildConfigurationList = E59B48AD2913EE5800AB3085 /* Build configuration list for PBXNativeTarget "Rickandmortyexample" */;
			buildPhases = (
				D31D076F9AC5D1B7DE10A8E8 /* [CP] Check Pods Manifest.lock */,
				E5C7C2EA291920A000FA74F8 /* Generate DI files */,
				E59B48B62913F4EA00AB3085 /* Run Swiftlint */,
				E59B48842913EE5500AB3085 /* Sources */,
				E59B48852913EE5500AB3085 /* Frameworks */,
				E59B48862913EE5500AB3085 /* Resources */,
				A391A1A58A0FC7E6BCFB9B8C /* [CP] Embed Pods Frameworks */,
			);
			buildRules = (
			);
			dependencies = (
			);
			name = Rickandmortyexample;
			productName = rickandmortyexample;
			productReference = E59B48882913EE5500AB3085 /* Rickandmortyexample.app */;
			productType = "com.apple.product-type.application";
		};
		E59B48982913EE5700AB3085 /* RickandmortyexampleTests */ = {
			isa = PBXNativeTarget;
			buildConfigurationList = E59B48B02913EE5800AB3085 /* Build configuration list for PBXNativeTarget "RickandmortyexampleTests" */;
			buildPhases = (
				5C092B5F94B61A1F46DCE6B9 /* [CP] Check Pods Manifest.lock */,
				E59B48952913EE5700AB3085 /* Sources */,
				E59B48962913EE5700AB3085 /* Frameworks */,
				E59B48972913EE5700AB3085 /* Resources */,
			);
			buildRules = (
			);
			dependencies = (
				E59B489B2913EE5700AB3085 /* PBXTargetDependency */,
			);
			name = RickandmortyexampleTests;
			productName = rickandmortyexampleTests;
			productReference = E59B48992913EE5700AB3085 /* RickandmortyexampleTests.xctest */;
			productType = "com.apple.product-type.bundle.unit-test";
		};
		E59B48A22913EE5800AB3085 /* RickandmortyexampleUITests */ = {
			isa = PBXNativeTarget;
			buildConfigurationList = E59B48B32913EE5800AB3085 /* Build configuration list for PBXNativeTarget "RickandmortyexampleUITests" */;
			buildPhases = (
				7746C0A176608CF8119B8065 /* [CP] Check Pods Manifest.lock */,
				E59B489F2913EE5800AB3085 /* Sources */,
				E59B48A02913EE5800AB3085 /* Frameworks */,
				E59B48A12913EE5800AB3085 /* Resources */,
				D78B18D9620355A5CABD8B08 /* [CP] Embed Pods Frameworks */,
			);
			buildRules = (
			);
			dependencies = (
				E59B48A52913EE5800AB3085 /* PBXTargetDependency */,
			);
			name = RickandmortyexampleUITests;
			productName = rickandmortyexampleUITests;
			productReference = E59B48A32913EE5800AB3085 /* RickandmortyexampleUITests.xctest */;
			productType = "com.apple.product-type.bundle.ui-testing";
		};
/* End PBXNativeTarget section */

/* Begin PBXProject section */
		E59B48802913EE5500AB3085 /* Project object */ = {
			isa = PBXProject;
			attributes = {
				BuildIndependentTargetsInParallel = 1;
				LastSwiftUpdateCheck = 1400;
				LastUpgradeCheck = 1400;
				TargetAttributes = {
					E59B48872913EE5500AB3085 = {
						CreatedOnToolsVersion = 14.0.1;
					};
					E59B48982913EE5700AB3085 = {
						CreatedOnToolsVersion = 14.0.1;
						TestTargetID = E59B48872913EE5500AB3085;
					};
					E59B48A22913EE5800AB3085 = {
						CreatedOnToolsVersion = 14.0.1;
						TestTargetID = E59B48872913EE5500AB3085;
					};
				};
			};
			buildConfigurationList = E59B48832913EE5500AB3085 /* Build configuration list for PBXProject "Rickandmortyexample" */;
			compatibilityVersion = "Xcode 13.0";
			developmentRegion = en;
			hasScannedForEncodings = 0;
			knownRegions = (
				en,
				Base,
			);
			mainGroup = E59B487F2913EE5500AB3085;
			productRefGroup = E59B48892913EE5500AB3085 /* Products */;
			projectDirPath = "";
			projectRoot = "";
			targets = (
				E59B48872913EE5500AB3085 /* Rickandmortyexample */,
				E59B48982913EE5700AB3085 /* RickandmortyexampleTests */,
				E59B48A22913EE5800AB3085 /* RickandmortyexampleUITests */,
			);
		};
/* End PBXProject section */

/* Begin PBXResourcesBuildPhase section */
		E59B48862913EE5500AB3085 /* Resources */ = {
			isa = PBXResourcesBuildPhase;
			buildActionMask = 2147483647;
			files = (
				E59B48C029140C6C00AB3085 /* .gitignore in Resources */,
				E58E2C6F29202C35005A261F /* Localizable.strings in Resources */,
				E588C0E1291901B9000B6C64 /* Characters.graphql in Resources */,
				E59B48BC2913FBF300AB3085 /* .swiftlint.yml in Resources */,
				E588C0E32919024A000B6C64 /* apollo-codegen-config.json in Resources */,
				E59B48902913EE5700AB3085 /* Assets.xcassets in Resources */,
				E5C7C2E329190E2300FA74F8 /* Schema.graphqls in Resources */,
			);
			runOnlyForDeploymentPostprocessing = 0;
		};
		E59B48972913EE5700AB3085 /* Resources */ = {
			isa = PBXResourcesBuildPhase;
			buildActionMask = 2147483647;
			files = (
				E59B48C129140C6C00AB3085 /* .gitignore in Resources */,
				E59B48BD2913FBF300AB3085 /* .swiftlint.yml in Resources */,
			);
			runOnlyForDeploymentPostprocessing = 0;
		};
		E59B48A12913EE5800AB3085 /* Resources */ = {
			isa = PBXResourcesBuildPhase;
			buildActionMask = 2147483647;
			files = (
				E59B48C229140C6C00AB3085 /* .gitignore in Resources */,
				E59B48BE2913FBF300AB3085 /* .swiftlint.yml in Resources */,
			);
			runOnlyForDeploymentPostprocessing = 0;
		};
/* End PBXResourcesBuildPhase section */

/* Begin PBXShellScriptBuildPhase section */
		5C092B5F94B61A1F46DCE6B9 /* [CP] Check Pods Manifest.lock */ = {
			isa = PBXShellScriptBuildPhase;
			buildActionMask = 2147483647;
			files = (
			);
			inputFileListPaths = (
			);
			inputPaths = (
				"${PODS_PODFILE_DIR_PATH}/Podfile.lock",
				"${PODS_ROOT}/Manifest.lock",
			);
			name = "[CP] Check Pods Manifest.lock";
			outputFileListPaths = (
			);
			outputPaths = (
				"$(DERIVED_FILE_DIR)/Pods-RickandmortyexampleTests-checkManifestLockResult.txt",
			);
			runOnlyForDeploymentPostprocessing = 0;
			shellPath = /bin/sh;
			shellScript = "diff \"${PODS_PODFILE_DIR_PATH}/Podfile.lock\" \"${PODS_ROOT}/Manifest.lock\" > /dev/null\nif [ $? != 0 ] ; then\n    # print error to STDERR\n    echo \"error: The sandbox is not in sync with the Podfile.lock. Run 'pod install' or update your CocoaPods installation.\" >&2\n    exit 1\nfi\n# This output is used by Xcode 'outputs' to avoid re-running this script phase.\necho \"SUCCESS\" > \"${SCRIPT_OUTPUT_FILE_0}\"\n";
			showEnvVarsInLog = 0;
		};
		7746C0A176608CF8119B8065 /* [CP] Check Pods Manifest.lock */ = {
			isa = PBXShellScriptBuildPhase;
			buildActionMask = 2147483647;
			files = (
			);
			inputFileListPaths = (
			);
			inputPaths = (
				"${PODS_PODFILE_DIR_PATH}/Podfile.lock",
				"${PODS_ROOT}/Manifest.lock",
			);
			name = "[CP] Check Pods Manifest.lock";
			outputFileListPaths = (
			);
			outputPaths = (
				"$(DERIVED_FILE_DIR)/Pods-Rickandmortyexample-RickandmortyexampleUITests-checkManifestLockResult.txt",
			);
			runOnlyForDeploymentPostprocessing = 0;
			shellPath = /bin/sh;
			shellScript = "diff \"${PODS_PODFILE_DIR_PATH}/Podfile.lock\" \"${PODS_ROOT}/Manifest.lock\" > /dev/null\nif [ $? != 0 ] ; then\n    # print error to STDERR\n    echo \"error: The sandbox is not in sync with the Podfile.lock. Run 'pod install' or update your CocoaPods installation.\" >&2\n    exit 1\nfi\n# This output is used by Xcode 'outputs' to avoid re-running this script phase.\necho \"SUCCESS\" > \"${SCRIPT_OUTPUT_FILE_0}\"\n";
			showEnvVarsInLog = 0;
		};
		A391A1A58A0FC7E6BCFB9B8C /* [CP] Embed Pods Frameworks */ = {
			isa = PBXShellScriptBuildPhase;
			buildActionMask = 2147483647;
			files = (
			);
			inputFileListPaths = (
				"${PODS_ROOT}/Target Support Files/Pods-Rickandmortyexample/Pods-Rickandmortyexample-frameworks-${CONFIGURATION}-input-files.xcfilelist",
			);
			name = "[CP] Embed Pods Frameworks";
			outputFileListPaths = (
				"${PODS_ROOT}/Target Support Files/Pods-Rickandmortyexample/Pods-Rickandmortyexample-frameworks-${CONFIGURATION}-output-files.xcfilelist",
			);
			runOnlyForDeploymentPostprocessing = 0;
			shellPath = /bin/sh;
			shellScript = "\"${PODS_ROOT}/Target Support Files/Pods-Rickandmortyexample/Pods-Rickandmortyexample-frameworks.sh\"\n";
			showEnvVarsInLog = 0;
		};
		D31D076F9AC5D1B7DE10A8E8 /* [CP] Check Pods Manifest.lock */ = {
			isa = PBXShellScriptBuildPhase;
			buildActionMask = 2147483647;
			files = (
			);
			inputFileListPaths = (
			);
			inputPaths = (
				"${PODS_PODFILE_DIR_PATH}/Podfile.lock",
				"${PODS_ROOT}/Manifest.lock",
			);
			name = "[CP] Check Pods Manifest.lock";
			outputFileListPaths = (
			);
			outputPaths = (
				"$(DERIVED_FILE_DIR)/Pods-Rickandmortyexample-checkManifestLockResult.txt",
			);
			runOnlyForDeploymentPostprocessing = 0;
			shellPath = /bin/sh;
			shellScript = "diff \"${PODS_PODFILE_DIR_PATH}/Podfile.lock\" \"${PODS_ROOT}/Manifest.lock\" > /dev/null\nif [ $? != 0 ] ; then\n    # print error to STDERR\n    echo \"error: The sandbox is not in sync with the Podfile.lock. Run 'pod install' or update your CocoaPods installation.\" >&2\n    exit 1\nfi\n# This output is used by Xcode 'outputs' to avoid re-running this script phase.\necho \"SUCCESS\" > \"${SCRIPT_OUTPUT_FILE_0}\"\n";
			showEnvVarsInLog = 0;
		};
		D78B18D9620355A5CABD8B08 /* [CP] Embed Pods Frameworks */ = {
			isa = PBXShellScriptBuildPhase;
			buildActionMask = 2147483647;
			files = (
			);
			inputFileListPaths = (
				"${PODS_ROOT}/Target Support Files/Pods-Rickandmortyexample-RickandmortyexampleUITests/Pods-Rickandmortyexample-RickandmortyexampleUITests-frameworks-${CONFIGURATION}-input-files.xcfilelist",
			);
			name = "[CP] Embed Pods Frameworks";
			outputFileListPaths = (
				"${PODS_ROOT}/Target Support Files/Pods-Rickandmortyexample-RickandmortyexampleUITests/Pods-Rickandmortyexample-RickandmortyexampleUITests-frameworks-${CONFIGURATION}-output-files.xcfilelist",
			);
			runOnlyForDeploymentPostprocessing = 0;
			shellPath = /bin/sh;
			shellScript = "\"${PODS_ROOT}/Target Support Files/Pods-Rickandmortyexample-RickandmortyexampleUITests/Pods-Rickandmortyexample-RickandmortyexampleUITests-frameworks.sh\"\n";
			showEnvVarsInLog = 0;
		};
		E59B48B62913F4EA00AB3085 /* Run Swiftlint */ = {
			isa = PBXShellScriptBuildPhase;
			alwaysOutOfDate = 1;
			buildActionMask = 2147483647;
			files = (
			);
			inputFileListPaths = (
			);
			inputPaths = (
			);
			name = "Run Swiftlint";
			outputFileListPaths = (
			);
			outputPaths = (
			);
			runOnlyForDeploymentPostprocessing = 0;
			shellPath = /bin/sh;
			shellScript = "\"${PODS_ROOT}/SwiftLint/swiftlint\"\n";
		};
		E5C7C2EA291920A000FA74F8 /* Generate DI files */ = {
			isa = PBXShellScriptBuildPhase;
			alwaysOutOfDate = 1;
			buildActionMask = 2147483647;
			files = (
			);
			inputFileListPaths = (
			);
			inputPaths = (
			);
			name = "Generate DI files";
			outputFileListPaths = (
			);
			outputPaths = (
			);
			runOnlyForDeploymentPostprocessing = 0;
			shellPath = /bin/sh;
			shellScript = "export SOURCEKIT_LOGGING=0 && needle generate Rickandmortyexample/Core/DI/NeedleGenerated.swift Rickandmortyexample/\n";
		};
/* End PBXShellScriptBuildPhase section */

/* Begin PBXSourcesBuildPhase section */
		E59B48842913EE5500AB3085 /* Sources */ = {
			isa = PBXSourcesBuildPhase;
			buildActionMask = 2147483647;
			files = (
				E59EF7BF2920FF3300628FED /* ShowCharactersScreen.swift in Sources */,
				E585399729210949008C9FC5 /* SchemaMetadata.graphql.swift in Sources */,
				E58539AD29211883008C9FC5 /* FilterCharactersViewModel.swift in Sources */,
				E5B54FAE29154AEC000D4E6C /* Icon.swift in Sources */,
				E5AE4ADF2927C7E500249894 /* ResultExtensions.swift in Sources */,
				E5B1851929256E7200400366 /* DBSchema.xcdatamodeld in Sources */,
				E594DD0D292143D7002F7038 /* FilterButton.swift in Sources */,
				E5AD1D252925411C007B7315 /* CharactersLocalDataSource.swift in Sources */,
				E5BAF9FE2924E47B00F1610B /* CharactersRepository.swift in Sources */,
				E5AD1D2329253199007B7315 /* IOSConfiguration.swift in Sources */,
				E59B48CA2914263600AB3085 /* FontWithLineHeight.swift in Sources */,
				E58539A32921147E008C9FC5 /* ShowEpisodesScreen.swift in Sources */,
				E5C7C2EF2919263400FA74F8 /* NeedleGenerated.swift in Sources */,
				E58539A7292114D9008C9FC5 /* ShowEpisodesViewModel.swift in Sources */,
				E5B1851B2925799100400366 /* CoreDataCharactersDataSource.swift in Sources */,
				E59EF7C42921015700628FED /* ShowCharactersViewModel.swift in Sources */,
				E58539B1292123D8008C9FC5 /* NavigationParams.swift in Sources */,
				E5D5D0A529242552006771CA /* CharactersRepositoryImpl.swift in Sources */,
				E5D5D0A82924261C006771CA /* CharactersRemoteDataSource.swift in Sources */,
				E56D16DC2922C96300B55DAF /* ListState.swift in Sources */,
				E585399529210949008C9FC5 /* Query.graphql.swift in Sources */,
				E585399329210949008C9FC5 /* Characters.graphql.swift in Sources */,
				E585399F29211449008C9FC5 /* ShowLocationsViewModel.swift in Sources */,
				E5A9599F2915A27C00CE6358 /* TabItem.swift in Sources */,
				E59B48C42914106000AB3085 /* Colors.swift in Sources */,
				E54AA6182915A9050069B3B4 /* Tabs.swift in Sources */,
				E5AD1D2129253120007B7315 /* Configuration.swift in Sources */,
				E585398A29210859008C9FC5 /* CharactersQuery.graphql.swift in Sources */,
				E58539AF29211936008C9FC5 /* CharacterStack.swift in Sources */,
				E5C7C2ED2919225B00FA74F8 /* MainContainer.swift in Sources */,
				E5D5D0AA29242673006771CA /* GraphQLCharactersDataSource.swift in Sources */,
				E54AA6132915A8750069B3B4 /* Border.swift in Sources */,
				E594DD0F29214988002F7038 /* CharacterCard.swift in Sources */,
				E594DD1729215736002F7038 /* CharacterList.swift in Sources */,
				E585399429210949008C9FC5 /* Character.graphql.swift in Sources */,
				E59B48C829141BDD00AB3085 /* Text.swift in Sources */,
				E5D5D0B129243512006771CA /* Info.graphql.swift in Sources */,
				E5D5D0A0292421C5006771CA /* CharacterSummary.swift in Sources */,
				E594DD1229214AE2002F7038 /* Character.swift in Sources */,
				E59B488C2913EE5500AB3085 /* Main.swift in Sources */,
				E58539A5292114B5008C9FC5 /* ShowLocationsScreen.swift in Sources */,
				E58539B429212C69008C9FC5 /* Router.swift in Sources */,
				E58539AB29211874008C9FC5 /* FilterCharactersScreen.swift in Sources */,
				E58539B829212DB0008C9FC5 /* CharacterDetailsScreen.swift in Sources */,
				E59EF7C22920FF9900628FED /* TabsNavigator.swift in Sources */,
				E58539BA29212DD6008C9FC5 /* CharacterDetailsViewModel.swift in Sources */,
				E56D16DE2922CA0D00B55DAF /* ErrorState.swift in Sources */,
				E594DD15292150C0002F7038 /* LocalizedEnums.swift in Sources */,
				E5D5D0AD2924295B006771CA /* Error.swift in Sources */,
				E585399629210949008C9FC5 /* SchemaConfiguration.swift in Sources */,
			);
			runOnlyForDeploymentPostprocessing = 0;
		};
		E59B48952913EE5700AB3085 /* Sources */ = {
			isa = PBXSourcesBuildPhase;
			buildActionMask = 2147483647;
			files = (
				E5B958BF291900670023CB3A /* Makefile in Sources */,
				E59B489E2913EE5800AB3085 /* rickandmortyexampleTests.swift in Sources */,
				804472C8B0D5BC93777D5A02 /* RickandmortyexampleTests-RickandmortyexampleMocks.generated.swift in Sources */,
			);
			runOnlyForDeploymentPostprocessing = 0;
		};
		E59B489F2913EE5800AB3085 /* Sources */ = {
			isa = PBXSourcesBuildPhase;
			buildActionMask = 2147483647;
			files = (
				E5B958C0291900670023CB3A /* Makefile in Sources */,
				E59B48AA2913EE5800AB3085 /* rickandmortyexampleUITestsLaunchTests.swift in Sources */,
				E59B48A82913EE5800AB3085 /* rickandmortyexampleUITests.swift in Sources */,
			);
			runOnlyForDeploymentPostprocessing = 0;
		};
/* End PBXSourcesBuildPhase section */

/* Begin PBXTargetDependency section */
		E59B489B2913EE5700AB3085 /* PBXTargetDependency */ = {
			isa = PBXTargetDependency;
			target = E59B48872913EE5500AB3085 /* Rickandmortyexample */;
			targetProxy = E59B489A2913EE5700AB3085 /* PBXContainerItemProxy */;
		};
		E59B48A52913EE5800AB3085 /* PBXTargetDependency */ = {
			isa = PBXTargetDependency;
			target = E59B48872913EE5500AB3085 /* Rickandmortyexample */;
			targetProxy = E59B48A42913EE5800AB3085 /* PBXContainerItemProxy */;
		};
/* End PBXTargetDependency section */

/* Begin PBXVariantGroup section */
		E58E2C6D29202C35005A261F /* Localizable.strings */ = {
			isa = PBXVariantGroup;
			children = (
				E58E2C6E29202C35005A261F /* en */,
			);
			name = Localizable.strings;
			sourceTree = "<group>";
		};
/* End PBXVariantGroup section */

/* Begin XCBuildConfiguration section */
		E59B48AB2913EE5800AB3085 /* Debug */ = {
			isa = XCBuildConfiguration;
			buildSettings = {
				ALWAYS_SEARCH_USER_PATHS = NO;
				CLANG_ANALYZER_NONNULL = YES;
				CLANG_ANALYZER_NUMBER_OBJECT_CONVERSION = YES_AGGRESSIVE;
				CLANG_CXX_LANGUAGE_STANDARD = "gnu++20";
				CLANG_ENABLE_MODULES = YES;
				CLANG_ENABLE_OBJC_ARC = YES;
				CLANG_ENABLE_OBJC_WEAK = YES;
				CLANG_WARN_BLOCK_CAPTURE_AUTORELEASING = YES;
				CLANG_WARN_BOOL_CONVERSION = YES;
				CLANG_WARN_COMMA = YES;
				CLANG_WARN_CONSTANT_CONVERSION = YES;
				CLANG_WARN_DEPRECATED_OBJC_IMPLEMENTATIONS = YES;
				CLANG_WARN_DIRECT_OBJC_ISA_USAGE = YES_ERROR;
				CLANG_WARN_DOCUMENTATION_COMMENTS = YES;
				CLANG_WARN_EMPTY_BODY = YES;
				CLANG_WARN_ENUM_CONVERSION = YES;
				CLANG_WARN_INFINITE_RECURSION = YES;
				CLANG_WARN_INT_CONVERSION = YES;
				CLANG_WARN_NON_LITERAL_NULL_CONVERSION = YES;
				CLANG_WARN_OBJC_IMPLICIT_RETAIN_SELF = YES;
				CLANG_WARN_OBJC_LITERAL_CONVERSION = YES;
				CLANG_WARN_OBJC_ROOT_CLASS = YES_ERROR;
				CLANG_WARN_QUOTED_INCLUDE_IN_FRAMEWORK_HEADER = YES;
				CLANG_WARN_RANGE_LOOP_ANALYSIS = YES;
				CLANG_WARN_STRICT_PROTOTYPES = YES;
				CLANG_WARN_SUSPICIOUS_MOVE = YES;
				CLANG_WARN_UNGUARDED_AVAILABILITY = YES_AGGRESSIVE;
				CLANG_WARN_UNREACHABLE_CODE = YES;
				CLANG_WARN__DUPLICATE_METHOD_MATCH = YES;
				COPY_PHASE_STRIP = NO;
				DEAD_CODE_STRIPPING = YES;
				DEBUG_INFORMATION_FORMAT = dwarf;
				ENABLE_STRICT_OBJC_MSGSEND = YES;
				ENABLE_TESTABILITY = YES;
				GCC_C_LANGUAGE_STANDARD = gnu11;
				GCC_DYNAMIC_NO_PIC = NO;
				GCC_NO_COMMON_BLOCKS = YES;
				GCC_OPTIMIZATION_LEVEL = 0;
				GCC_PREPROCESSOR_DEFINITIONS = (
					"DEBUG=1",
					"$(inherited)",
				);
				GCC_WARN_64_TO_32_BIT_CONVERSION = YES;
				GCC_WARN_ABOUT_RETURN_TYPE = YES_ERROR;
				GCC_WARN_UNDECLARED_SELECTOR = YES;
				GCC_WARN_UNINITIALIZED_AUTOS = YES_AGGRESSIVE;
				GCC_WARN_UNUSED_FUNCTION = YES;
				GCC_WARN_UNUSED_VARIABLE = YES;
				MTL_ENABLE_DEBUG_INFO = INCLUDE_SOURCE;
				MTL_FAST_MATH = YES;
				ONLY_ACTIVE_ARCH = YES;
				SWIFT_ACTIVE_COMPILATION_CONDITIONS = DEBUG;
				SWIFT_OPTIMIZATION_LEVEL = "-Onone";
			};
			name = Debug;
		};
		E59B48AC2913EE5800AB3085 /* Release */ = {
			isa = XCBuildConfiguration;
			buildSettings = {
				ALWAYS_SEARCH_USER_PATHS = NO;
				CLANG_ANALYZER_NONNULL = YES;
				CLANG_ANALYZER_NUMBER_OBJECT_CONVERSION = YES_AGGRESSIVE;
				CLANG_CXX_LANGUAGE_STANDARD = "gnu++20";
				CLANG_ENABLE_MODULES = YES;
				CLANG_ENABLE_OBJC_ARC = YES;
				CLANG_ENABLE_OBJC_WEAK = YES;
				CLANG_WARN_BLOCK_CAPTURE_AUTORELEASING = YES;
				CLANG_WARN_BOOL_CONVERSION = YES;
				CLANG_WARN_COMMA = YES;
				CLANG_WARN_CONSTANT_CONVERSION = YES;
				CLANG_WARN_DEPRECATED_OBJC_IMPLEMENTATIONS = YES;
				CLANG_WARN_DIRECT_OBJC_ISA_USAGE = YES_ERROR;
				CLANG_WARN_DOCUMENTATION_COMMENTS = YES;
				CLANG_WARN_EMPTY_BODY = YES;
				CLANG_WARN_ENUM_CONVERSION = YES;
				CLANG_WARN_INFINITE_RECURSION = YES;
				CLANG_WARN_INT_CONVERSION = YES;
				CLANG_WARN_NON_LITERAL_NULL_CONVERSION = YES;
				CLANG_WARN_OBJC_IMPLICIT_RETAIN_SELF = YES;
				CLANG_WARN_OBJC_LITERAL_CONVERSION = YES;
				CLANG_WARN_OBJC_ROOT_CLASS = YES_ERROR;
				CLANG_WARN_QUOTED_INCLUDE_IN_FRAMEWORK_HEADER = YES;
				CLANG_WARN_RANGE_LOOP_ANALYSIS = YES;
				CLANG_WARN_STRICT_PROTOTYPES = YES;
				CLANG_WARN_SUSPICIOUS_MOVE = YES;
				CLANG_WARN_UNGUARDED_AVAILABILITY = YES_AGGRESSIVE;
				CLANG_WARN_UNREACHABLE_CODE = YES;
				CLANG_WARN__DUPLICATE_METHOD_MATCH = YES;
				COPY_PHASE_STRIP = NO;
				DEAD_CODE_STRIPPING = YES;
				DEBUG_INFORMATION_FORMAT = "dwarf-with-dsym";
				ENABLE_NS_ASSERTIONS = NO;
				ENABLE_STRICT_OBJC_MSGSEND = YES;
				GCC_C_LANGUAGE_STANDARD = gnu11;
				GCC_NO_COMMON_BLOCKS = YES;
				GCC_WARN_64_TO_32_BIT_CONVERSION = YES;
				GCC_WARN_ABOUT_RETURN_TYPE = YES_ERROR;
				GCC_WARN_UNDECLARED_SELECTOR = YES;
				GCC_WARN_UNINITIALIZED_AUTOS = YES_AGGRESSIVE;
				GCC_WARN_UNUSED_FUNCTION = YES;
				GCC_WARN_UNUSED_VARIABLE = YES;
				MTL_ENABLE_DEBUG_INFO = NO;
				MTL_FAST_MATH = YES;
				SWIFT_COMPILATION_MODE = wholemodule;
				SWIFT_OPTIMIZATION_LEVEL = "-O";
			};
			name = Release;
		};
		E59B48AE2913EE5800AB3085 /* Debug */ = {
			isa = XCBuildConfiguration;
			baseConfigurationReference = D375BCF22A5B0A7B918A9AE9 /* Pods-Rickandmortyexample.debug.xcconfig */;
			buildSettings = {
				ASSETCATALOG_COMPILER_APPICON_NAME = AppIcon;
				ASSETCATALOG_COMPILER_GLOBAL_ACCENT_COLOR_NAME = AccentColor;
				CODE_SIGN_ENTITLEMENTS = rickandmortyexample/Resources/App.entitlements;
				CODE_SIGN_IDENTITY = "-";
				"CODE_SIGN_IDENTITY[sdk=iphoneos*]" = "Apple Development";
				CODE_SIGN_STYLE = Automatic;
				CURRENT_PROJECT_VERSION = 1;
				DEAD_CODE_STRIPPING = YES;
				DEVELOPMENT_ASSET_PATHS = "\"rickandmortyexample/Resources/PreviewContent\"";
				ENABLE_PREVIEWS = YES;
				GENERATE_INFOPLIST_FILE = YES;
				"INFOPLIST_KEY_UIApplicationSceneManifest_Generation[sdk=iphoneos*]" = YES;
				"INFOPLIST_KEY_UIApplicationSceneManifest_Generation[sdk=iphonesimulator*]" = YES;
				"INFOPLIST_KEY_UIApplicationSupportsIndirectInputEvents[sdk=iphoneos*]" = YES;
				"INFOPLIST_KEY_UIApplicationSupportsIndirectInputEvents[sdk=iphonesimulator*]" = YES;
				"INFOPLIST_KEY_UILaunchScreen_Generation[sdk=iphoneos*]" = YES;
				"INFOPLIST_KEY_UILaunchScreen_Generation[sdk=iphonesimulator*]" = YES;
				"INFOPLIST_KEY_UIStatusBarStyle[sdk=iphoneos*]" = UIStatusBarStyleDefault;
				"INFOPLIST_KEY_UIStatusBarStyle[sdk=iphonesimulator*]" = UIStatusBarStyleDefault;
				INFOPLIST_KEY_UISupportedInterfaceOrientations_iPad = "UIInterfaceOrientationPortrait UIInterfaceOrientationPortraitUpsideDown UIInterfaceOrientationLandscapeLeft UIInterfaceOrientationLandscapeRight";
				INFOPLIST_KEY_UISupportedInterfaceOrientations_iPhone = "UIInterfaceOrientationPortrait UIInterfaceOrientationLandscapeLeft UIInterfaceOrientationLandscapeRight";
				IPHONEOS_DEPLOYMENT_TARGET = 16.0;
				MACOSX_DEPLOYMENT_TARGET = 12.3;
				MARKETING_VERSION = 1.0;
				PRODUCT_BUNDLE_IDENTIFIER = com.amg.rickandmortyexample;
				PRODUCT_NAME = "$(TARGET_NAME)";
				SDKROOT = auto;
				SUPPORTED_PLATFORMS = "iphoneos iphonesimulator macosx";
				SWIFT_EMIT_LOC_STRINGS = YES;
				SWIFT_VERSION = 5.0;
				TARGETED_DEVICE_FAMILY = "1,2";
			};
			name = Debug;
		};
		E59B48AF2913EE5800AB3085 /* Release */ = {
			isa = XCBuildConfiguration;
			baseConfigurationReference = 37FB4A913C8E03A3FC547E8B /* Pods-Rickandmortyexample.release.xcconfig */;
			buildSettings = {
				ASSETCATALOG_COMPILER_APPICON_NAME = AppIcon;
				ASSETCATALOG_COMPILER_GLOBAL_ACCENT_COLOR_NAME = AccentColor;
				CODE_SIGN_ENTITLEMENTS = rickandmortyexample/Resources/App.entitlements;
				CODE_SIGN_IDENTITY = "-";
				"CODE_SIGN_IDENTITY[sdk=iphoneos*]" = "Apple Development";
				CODE_SIGN_STYLE = Automatic;
				CURRENT_PROJECT_VERSION = 1;
				DEAD_CODE_STRIPPING = YES;
				DEVELOPMENT_ASSET_PATHS = "\"rickandmortyexample/Resources/PreviewContent\"";
				ENABLE_PREVIEWS = YES;
				GENERATE_INFOPLIST_FILE = YES;
				"INFOPLIST_KEY_UIApplicationSceneManifest_Generation[sdk=iphoneos*]" = YES;
				"INFOPLIST_KEY_UIApplicationSceneManifest_Generation[sdk=iphonesimulator*]" = YES;
				"INFOPLIST_KEY_UIApplicationSupportsIndirectInputEvents[sdk=iphoneos*]" = YES;
				"INFOPLIST_KEY_UIApplicationSupportsIndirectInputEvents[sdk=iphonesimulator*]" = YES;
				"INFOPLIST_KEY_UILaunchScreen_Generation[sdk=iphoneos*]" = YES;
				"INFOPLIST_KEY_UILaunchScreen_Generation[sdk=iphonesimulator*]" = YES;
				"INFOPLIST_KEY_UIStatusBarStyle[sdk=iphoneos*]" = UIStatusBarStyleDefault;
				"INFOPLIST_KEY_UIStatusBarStyle[sdk=iphonesimulator*]" = UIStatusBarStyleDefault;
				INFOPLIST_KEY_UISupportedInterfaceOrientations_iPad = "UIInterfaceOrientationPortrait UIInterfaceOrientationPortraitUpsideDown UIInterfaceOrientationLandscapeLeft UIInterfaceOrientationLandscapeRight";
				INFOPLIST_KEY_UISupportedInterfaceOrientations_iPhone = "UIInterfaceOrientationPortrait UIInterfaceOrientationLandscapeLeft UIInterfaceOrientationLandscapeRight";
				IPHONEOS_DEPLOYMENT_TARGET = 16.0;
				MACOSX_DEPLOYMENT_TARGET = 12.3;
				MARKETING_VERSION = 1.0;
				PRODUCT_BUNDLE_IDENTIFIER = com.amg.rickandmortyexample;
				PRODUCT_NAME = "$(TARGET_NAME)";
				SDKROOT = auto;
				SUPPORTED_PLATFORMS = "iphoneos iphonesimulator macosx";
				SWIFT_EMIT_LOC_STRINGS = YES;
				SWIFT_VERSION = 5.0;
				TARGETED_DEVICE_FAMILY = "1,2";
			};
			name = Release;
		};
		E59B48B12913EE5800AB3085 /* Debug */ = {
			isa = XCBuildConfiguration;
			baseConfigurationReference = DB5CD3838E5CC5A348AB0E78 /* Pods-RickandmortyexampleTests.debug.xcconfig */;
			buildSettings = {
				ALWAYS_EMBED_SWIFT_STANDARD_LIBRARIES = YES;
				BUNDLE_LOADER = "$(TEST_HOST)";
				CODE_SIGN_STYLE = Automatic;
				CURRENT_PROJECT_VERSION = 1;
				DEAD_CODE_STRIPPING = YES;
				GENERATE_INFOPLIST_FILE = YES;
				IPHONEOS_DEPLOYMENT_TARGET = 16.0;
				LD_RUNPATH_SEARCH_PATHS = "$(inherited)";
				MACOSX_DEPLOYMENT_TARGET = 12.3;
				MARKETING_VERSION = 1.0;
				PRODUCT_BUNDLE_IDENTIFIER = com.amg.rickandmortyexampleTests;
				PRODUCT_NAME = "$(TARGET_NAME)";
				SDKROOT = auto;
				SUPPORTED_PLATFORMS = "iphoneos iphonesimulator macosx";
				SWIFT_EMIT_LOC_STRINGS = NO;
				SWIFT_VERSION = 5.0;
				TARGETED_DEVICE_FAMILY = "1,2";
				TEST_HOST = "$(BUILT_PRODUCTS_DIR)/Rickandmortyexample.app/$(BUNDLE_EXECUTABLE_FOLDER_PATH)/Rickandmortyexample";
			};
			name = Debug;
		};
		E59B48B22913EE5800AB3085 /* Release */ = {
			isa = XCBuildConfiguration;
			baseConfigurationReference = 4F99D0FDC528814A0DACEA53 /* Pods-RickandmortyexampleTests.release.xcconfig */;
			buildSettings = {
				ALWAYS_EMBED_SWIFT_STANDARD_LIBRARIES = YES;
				BUNDLE_LOADER = "$(TEST_HOST)";
				CODE_SIGN_STYLE = Automatic;
				CURRENT_PROJECT_VERSION = 1;
				DEAD_CODE_STRIPPING = YES;
				GENERATE_INFOPLIST_FILE = YES;
				IPHONEOS_DEPLOYMENT_TARGET = 16.0;
				MACOSX_DEPLOYMENT_TARGET = 12.3;
				MARKETING_VERSION = 1.0;
				PRODUCT_BUNDLE_IDENTIFIER = com.amg.rickandmortyexampleTests;
				PRODUCT_NAME = "$(TARGET_NAME)";
				SDKROOT = auto;
				SUPPORTED_PLATFORMS = "iphoneos iphonesimulator macosx";
				SWIFT_EMIT_LOC_STRINGS = NO;
				SWIFT_VERSION = 5.0;
				TARGETED_DEVICE_FAMILY = "1,2";
				TEST_HOST = "$(BUILT_PRODUCTS_DIR)/Rickandmortyexample.app/$(BUNDLE_EXECUTABLE_FOLDER_PATH)/Rickandmortyexample";
			};
			name = Release;
		};
		E59B48B42913EE5800AB3085 /* Debug */ = {
			isa = XCBuildConfiguration;
			baseConfigurationReference = 3085D222B3AABC5CD190B9EA /* Pods-Rickandmortyexample-RickandmortyexampleUITests.debug.xcconfig */;
			buildSettings = {
				ALWAYS_EMBED_SWIFT_STANDARD_LIBRARIES = YES;
				CODE_SIGN_STYLE = Automatic;
				CURRENT_PROJECT_VERSION = 1;
				DEAD_CODE_STRIPPING = YES;
				GENERATE_INFOPLIST_FILE = YES;
				IPHONEOS_DEPLOYMENT_TARGET = 16.0;
				MACOSX_DEPLOYMENT_TARGET = 12.3;
				MARKETING_VERSION = 1.0;
				PRODUCT_BUNDLE_IDENTIFIER = com.amg.rickandmortyexampleUITests;
				PRODUCT_NAME = "$(TARGET_NAME)";
				SDKROOT = auto;
				SUPPORTED_PLATFORMS = "iphoneos iphonesimulator macosx";
				SWIFT_EMIT_LOC_STRINGS = NO;
				SWIFT_VERSION = 5.0;
				TARGETED_DEVICE_FAMILY = "1,2";
				TEST_TARGET_NAME = rickandmortyexample;
			};
			name = Debug;
		};
		E59B48B52913EE5800AB3085 /* Release */ = {
			isa = XCBuildConfiguration;
			baseConfigurationReference = FD6089A3EEC903A417B7499A /* Pods-Rickandmortyexample-RickandmortyexampleUITests.release.xcconfig */;
			buildSettings = {
				ALWAYS_EMBED_SWIFT_STANDARD_LIBRARIES = YES;
				CODE_SIGN_STYLE = Automatic;
				CURRENT_PROJECT_VERSION = 1;
				DEAD_CODE_STRIPPING = YES;
				GENERATE_INFOPLIST_FILE = YES;
				IPHONEOS_DEPLOYMENT_TARGET = 16.0;
				MACOSX_DEPLOYMENT_TARGET = 12.3;
				MARKETING_VERSION = 1.0;
				PRODUCT_BUNDLE_IDENTIFIER = com.amg.rickandmortyexampleUITests;
				PRODUCT_NAME = "$(TARGET_NAME)";
				SDKROOT = auto;
				SUPPORTED_PLATFORMS = "iphoneos iphonesimulator macosx";
				SWIFT_EMIT_LOC_STRINGS = NO;
				SWIFT_VERSION = 5.0;
				TARGETED_DEVICE_FAMILY = "1,2";
				TEST_TARGET_NAME = rickandmortyexample;
			};
			name = Release;
		};
/* End XCBuildConfiguration section */

/* Begin XCConfigurationList section */
		E59B48832913EE5500AB3085 /* Build configuration list for PBXProject "Rickandmortyexample" */ = {
			isa = XCConfigurationList;
			buildConfigurations = (
				E59B48AB2913EE5800AB3085 /* Debug */,
				E59B48AC2913EE5800AB3085 /* Release */,
			);
			defaultConfigurationIsVisible = 0;
			defaultConfigurationName = Release;
		};
		E59B48AD2913EE5800AB3085 /* Build configuration list for PBXNativeTarget "Rickandmortyexample" */ = {
			isa = XCConfigurationList;
			buildConfigurations = (
				E59B48AE2913EE5800AB3085 /* Debug */,
				E59B48AF2913EE5800AB3085 /* Release */,
			);
			defaultConfigurationIsVisible = 0;
			defaultConfigurationName = Release;
		};
		E59B48B02913EE5800AB3085 /* Build configuration list for PBXNativeTarget "RickandmortyexampleTests" */ = {
			isa = XCConfigurationList;
			buildConfigurations = (
				E59B48B12913EE5800AB3085 /* Debug */,
				E59B48B22913EE5800AB3085 /* Release */,
			);
			defaultConfigurationIsVisible = 0;
			defaultConfigurationName = Release;
		};
		E59B48B32913EE5800AB3085 /* Build configuration list for PBXNativeTarget "RickandmortyexampleUITests" */ = {
			isa = XCConfigurationList;
			buildConfigurations = (
				E59B48B42913EE5800AB3085 /* Debug */,
				E59B48B52913EE5800AB3085 /* Release */,
			);
			defaultConfigurationIsVisible = 0;
			defaultConfigurationName = Release;
		};
/* End XCConfigurationList section */

/* Begin XCVersionGroup section */
		E5B1851729256E7200400366 /* DBSchema.xcdatamodeld */ = {
			isa = XCVersionGroup;
			children = (
				E5B1851829256E7200400366 /* DBSchema.xcdatamodel */,
			);
			currentVersion = E5B1851829256E7200400366 /* DBSchema.xcdatamodel */;
			path = DBSchema.xcdatamodeld;
			sourceTree = "<group>";
			versionGroupType = wrapper.xcdatamodel;
		};
/* End XCVersionGroup section */
	};
	rootObject = E59B48802913EE5500AB3085 /* Project object */;
}
